
Microsoft Visual Studio Solution File, Format Version 12.00
# Visual Studio Version 17
VisualStudioVersion = 17.0.31903.59
MinimumVisualStudioVersion = 10.0.40219.1
Project("{2150E333-8FDC-42A3-9474-1A395E6E879E}") = "ArrowsLegendBI", "ArrowsLegendBI", "{8A3F2E1D-4B5C-6D7E-8F90-A1B2C3D4E5F6}"
	ProjectSection(SolutionItems) = preProject
		ArrowsLegendBI\README.md = ArrowsLegendBI\README.md
		ArrowsLegendBI\HANDOFF.md = ArrowsLegendBI\HANDOFF.md
		ArrowsLegendBI\package.json = ArrowsLegendBI\package.json
		ArrowsLegendBI\server\main.py = ArrowsLegendBI\server\main.py
		analytics\config.json = analytics\config.json
		analytics\scripts\auth_setup.sh = analytics\scripts\auth_setup.sh
	EndProjectSection
EndProject
Project("{2150E333-8FDC-42A3-9474-1A395E6E879E}") = "Unity", "Unity", "{9B4E3F2A-5C6D-7E8F-9012-B3C4D5E6F7A8}"
	ProjectSection(SolutionItems) = preProject
		ProjectSettings\ProjectSettings.asset = ProjectSettings\ProjectSettings.asset
	EndProjectSection
EndProject
Global
	GlobalSection(SolutionConfigurationPlatforms) = preSolution
		Debug|Any CPU = Debug|Any CPU
		Release|Any CPU = Release|Any CPU
	EndGlobalSection
	GlobalSection(SolutionProperties) = preSolution
		HideSolutionNode = FALSE
	EndGlobalSection
EndGlobal
