
Microsoft Visual Studio Solution File, Format Version 12.00
# Visual Studio 15
Project("{FAE04EC0-301F-11D3-BF4B-00C04F79EFBC}") = "Unity.Timeline", "Unity.Timeline.csproj", "{D5EFCB81-8C51-D96E-1AC5-9F2473A20DEF}"
EndProject
Project("{FAE04EC0-301F-11D3-BF4B-00C04F79EFBC}") = "Unity.Timeline.Editor", "Unity.Timeline.Editor.csproj", "{E6ADAEA7-1771-6408-C07F-904C2F075C13}"
EndProject
Project("{FAE04EC0-301F-11D3-BF4B-00C04F79EFBC}") = "Unity.PlasticSCM.Editor", "Unity.PlasticSCM.Editor.csproj", "{F78D96E0-AA7E-D376-9B16-CC2823A18C64}"
EndProject
Project("{FAE04EC0-301F-11D3-BF4B-00C04F79EFBC}") = "Unity.2D.Tilemap.Editor", "Unity.2D.Tilemap.Editor.csproj", "{65C344C9-2C5A-73C8-59CE-8B507CB0A387}"
EndProject
Project("{FAE04EC0-301F-11D3-BF4B-00C04F79EFBC}") = "Unity.TextMeshPro.Editor", "Unity.TextMeshPro.Editor.csproj", "{18866FF0-600C-2327-4642-171FA89B54E7}"
EndProject
Project("{FAE04EC0-301F-11D3-BF4B-00C04F79EFBC}") = "Unity.2D.Aseprite.Editor", "Unity.2D.Aseprite.Editor.csproj", "{0C7DD752-4809-3CAB-9635-8D9A00E14C16}"
EndProject
Project("{FAE04EC0-301F-11D3-BF4B-00C04F79EFBC}") = "Unity.Services.Core.Internal", "Unity.Services.Core.Internal.csproj", "{D6194AE5-139A-A5E5-661D-ECFB017075F1}"
EndProject
Project("{FAE04EC0-301F-11D3-BF4B-00C04F79EFBC}") = "Unity.VisualScripting.Flow", "Unity.VisualScripting.Flow.csproj", "{625459DE-DD29-6A38-6EED-F3C3C1429D18}"
EndProject
Project("{FAE04EC0-301F-11D3-BF4B-00C04F79EFBC}") = "UnityEditor.UI", "UnityEditor.UI.csproj", "{579A258A-C81E-5175-99C6-085D9901DB4F}"
EndProject
Project("{FAE04EC0-301F-11D3-BF4B-00C04F79EFBC}") = "Unity.2D.Psdimporter.Editor", "Unity.2D.Psdimporter.Editor.csproj", "{8F858DC8-0BA8-08F8-5912-A6821F17A309}"
EndProject
Project("{FAE04EC0-301F-11D3-BF4B-00C04F79EFBC}") = "Unity.VisualScripting.Core", "Unity.VisualScripting.Core.csproj", "{B72D5E92-4A8A-C400-FFB9-F5D9DEE30C58}"
EndProject
Project("{FAE04EC0-301F-11D3-BF4B-00C04F79EFBC}") = "Unity.Mathematics", "Unity.Mathematics.csproj", "{F870F4E3-6B62-0124-1EF4-D157DD344356}"
EndProject
Project("{FAE04EC0-301F-11D3-BF4B-00C04F79EFBC}") = "Unity.2D.Common.Path.Editor", "Unity.2D.Common.Path.Editor.csproj", "{35E1C4BB-D4C9-8187-87DE-85D7E1C4DB90}"
EndProject
Project("{FAE04EC0-301F-11D3-BF4B-00C04F79EFBC}") = "Unity.VisualScripting.Core.Editor", "Unity.VisualScripting.Core.Editor.csproj", "{05D82300-9580-1618-E1CE-75584DBB4D70}"
EndProject
Project("{FAE04EC0-301F-11D3-BF4B-00C04F79EFBC}") = "Unity.2D.IK.Runtime", "Unity.2D.IK.Runtime.csproj", "{6CCD7F0C-64E6-9738-895E-F172C2AA702D}"
EndProject
Project("{FAE04EC0-301F-11D3-BF4B-00C04F79EFBC}") = "Unity.2D.Animation.Editor", "Unity.2D.Animation.Editor.csproj", "{3E443CB1-F362-ABF4-AD17-2DD9181057EF}"
EndProject
Project("{FAE04EC0-301F-11D3-BF4B-00C04F79EFBC}") = "Unity.VisualScripting.Flow.Editor", "Unity.VisualScripting.Flow.Editor.csproj", "{96FB9716-85EC-EC5C-F6C3-5609472E9332}"
EndProject
Project("{FAE04EC0-301F-11D3-BF4B-00C04F79EFBC}") = "UnityEditor.TestRunner", "UnityEditor.TestRunner.csproj", "{8A4613AB-0D16-8A3B-2E62-0F2EC7924726}"
EndProject
Project("{FAE04EC0-301F-11D3-BF4B-00C04F79EFBC}") = "Unity.VisualScripting.SettingsProvider.Editor", "Unity.VisualScripting.SettingsProvider.Editor.csproj", "{B206BB17-7C95-187F-B6AB-8B7455626304}"
EndProject
Project("{FAE04EC0-301F-11D3-BF4B-00C04F79EFBC}") = "UnityEngine.TestRunner", "UnityEngine.TestRunner.csproj", "{D0E59DC7-3256-A3C8-EC9A-FB86CA467790}"
EndProject
Project("{FAE04EC0-301F-11D3-BF4B-00C04F79EFBC}") = "Unity.LevelPlay.Editor", "Unity.LevelPlay.Editor.csproj", "{B74D0171-C072-86F3-84FC-9E9BA5A0800D}"
EndProject
Project("{FAE04EC0-301F-11D3-BF4B-00C04F79EFBC}") = "PsdPlugin", "PsdPlugin.csproj", "{7FC82CA9-7308-B230-20F9-B1E9FF97B338}"
EndProject
Project("{FAE04EC0-301F-11D3-BF4B-00C04F79EFBC}") = "Unity.Burst", "Unity.Burst.csproj", "{DE52A830-354A-3A94-524B-5313ACE6D632}"
EndProject
Project("{FAE04EC0-301F-11D3-BF4B-00C04F79EFBC}") = "Unity.Services.Core.Environments.Editor", "Unity.Services.Core.Environments.Editor.csproj", "{E76AEDA7-3374-EC69-F05A-FBD39572F553}"
EndProject
Project("{FAE04EC0-301F-11D3-BF4B-00C04F79EFBC}") = "Unity.Services.Core.Editor", "Unity.Services.Core.Editor.csproj", "{C9A096E6-3DCC-6FEE-A57D-390581579940}"
EndProject
Project("{FAE04EC0-301F-11D3-BF4B-00C04F79EFBC}") = "Unity.Services.Core", "Unity.Services.Core.csproj", "{B518AECD-4ECC-6C76-D64D-B3AC809C8521}"
EndProject
Project("{FAE04EC0-301F-11D3-BF4B-00C04F79EFBC}") = "UnityEngine.UI", "UnityEngine.UI.csproj", "{F6EF37E2-0E49-6098-7BCD-D49401145583}"
EndProject
Project("{FAE04EC0-301F-11D3-BF4B-00C04F79EFBC}") = "Unity.LevelPlay", "Unity.LevelPlay.csproj", "{B1FB5DF1-860D-3F42-4D40-EC670D7F7CF9}"
EndProject
Project("{FAE04EC0-301F-11D3-BF4B-00C04F79EFBC}") = "Unity.2D.SpriteShape.Editor", "Unity.2D.SpriteShape.Editor.csproj", "{83534933-0884-6811-C8AB-6E97B8375B46}"
EndProject
Project("{FAE04EC0-301F-11D3-BF4B-00C04F79EFBC}") = "Unity.Collections", "Unity.Collections.csproj", "{584A11F8-19C9-37FC-15DE-7281BA4E9ADF}"
EndProject
Project("{FAE04EC0-301F-11D3-BF4B-00C04F79EFBC}") = "Unity.VisualStudio.Editor", "Unity.VisualStudio.Editor.csproj", "{58BA2554-4E01-8207-8A45-8C8318025639}"
EndProject
Project("{FAE04EC0-301F-11D3-BF4B-00C04F79EFBC}") = "Unity.2D.Tilemap.Extras.Editor", "Unity.2D.Tilemap.Extras.Editor.csproj", "{A0FFAF0C-8DE4-4CBD-CD25-BE6C350DE039}"
EndProject
Project("{FAE04EC0-301F-11D3-BF4B-00C04F79EFBC}") = "Unity.Rider.Editor", "Unity.Rider.Editor.csproj", "{CEADFF76-AA27-F5D9-B264-DC7F34A93F10}"
EndProject
Project("{FAE04EC0-301F-11D3-BF4B-00C04F79EFBC}") = "Unity.InternalAPIEditorBridge.001", "Unity.InternalAPIEditorBridge.001.csproj", "{D02211A6-6375-4895-6F05-B4FE7C03192C}"
EndProject
Project("{FAE04EC0-301F-11D3-BF4B-00C04F79EFBC}") = "Unity.Services.Core.Environments.Internal", "Unity.Services.Core.Environments.Internal.csproj", "{738E63C4-DAEF-8F88-EA74-C30CF3ED738C}"
EndProject
Project("{FAE04EC0-301F-11D3-BF4B-00C04F79EFBC}") = "Unity.2D.SpriteShape.Runtime", "Unity.2D.SpriteShape.Runtime.csproj", "{957F074E-38F1-4A25-A15E-FBC32E7243A5}"
EndProject
Project("{FAE04EC0-301F-11D3-BF4B-00C04F79EFBC}") = "Assembly-CSharp", "Assembly-CSharp.csproj", "{4B3060D0-0006-C84E-B8F4-7808FEDF2A9C}"
EndProject
Project("{FAE04EC0-301F-11D3-BF4B-00C04F79EFBC}") = "Unity.Services.Core.Configuration", "Unity.Services.Core.Configuration.csproj", "{3DBBF9A0-AAE9-20E4-BC87-1684BB2A26B9}"
EndProject
Project("{FAE04EC0-301F-11D3-BF4B-00C04F79EFBC}") = "Unity.VisualScripting.State.Editor", "Unity.VisualScripting.State.Editor.csproj", "{2C23336C-D69F-8988-321A-F785C387A52F}"
EndProject
Project("{FAE04EC0-301F-11D3-BF4B-00C04F79EFBC}") = "Unity.2D.Animation.Runtime", "Unity.2D.Animation.Runtime.csproj", "{BA91CA85-9C13-3937-F9DE-E6CC83116B63}"
EndProject
Project("{FAE04EC0-301F-11D3-BF4B-00C04F79EFBC}") = "Unity.Burst.CodeGen", "Unity.Burst.CodeGen.csproj", "{A96E89B0-7E0B-16E9-6740-414F926BE035}"
EndProject
Project("{FAE04EC0-301F-11D3-BF4B-00C04F79EFBC}") = "Unity.Services.Core.Configuration.Editor", "Unity.Services.Core.Configuration.Editor.csproj", "{483C3AA3-3FBE-F06B-5F14-0F0204AAC0CF}"
EndProject
Project("{FAE04EC0-301F-11D3-BF4B-00C04F79EFBC}") = "Unity.CollabProxy.Editor", "Unity.CollabProxy.Editor.csproj", "{5FAE473F-52E7-3BE7-405A-444F56FCE78B}"
EndProject
Project("{FAE04EC0-301F-11D3-BF4B-00C04F79EFBC}") = "Unity.2D.Tilemap.Extras", "Unity.2D.Tilemap.Extras.csproj", "{52AB975B-7E4A-6DFC-580F-258BE56FA660}"
EndProject
Project("{FAE04EC0-301F-11D3-BF4B-00C04F79EFBC}") = "Unity.VisualScripting.State", "Unity.VisualScripting.State.csproj", "{9D8927DE-F9EE-A2CD-C1BA-1CC608A7A46B}"
EndProject
Project("{FAE04EC0-301F-11D3-BF4B-00C04F79EFBC}") = "Unity.TextMeshPro", "Unity.TextMeshPro.csproj", "{D164C1F8-00A8-82DB-C0CA-097906B460FE}"
EndProject
Project("{FAE04EC0-301F-11D3-BF4B-00C04F79EFBC}") = "Unity.Services.Core.Networking", "Unity.Services.Core.Networking.csproj", "{9AC44B0D-D853-34CB-4440-F55E8526F7F1}"
EndProject
Project("{FAE04EC0-301F-11D3-BF4B-00C04F79EFBC}") = "Unity.Services.Core.Scheduler", "Unity.Services.Core.Scheduler.csproj", "{3F16F69A-103F-FA87-214A-A604D604EA47}"
EndProject
Project("{FAE04EC0-301F-11D3-BF4B-00C04F79EFBC}") = "Unity.2D.Aseprite.Common", "Unity.2D.Aseprite.Common.csproj", "{E023E0D4-2956-CB44-FFED-62475B5F2813}"
EndProject
Project("{FAE04EC0-301F-11D3-BF4B-00C04F79EFBC}") = "Unity.2D.IK.Editor", "Unity.2D.IK.Editor.csproj", "{7304A9FE-38A9-2B7A-8653-F989F5C99212}"
EndProject
Project("{FAE04EC0-301F-11D3-BF4B-00C04F79EFBC}") = "Unity.InternalAPIEngineBridge.001", "Unity.InternalAPIEngineBridge.001.csproj", "{B4EBD6D8-CCB1-0EC1-2CC5-302CD403844E}"
EndProject
Project("{FAE04EC0-301F-11D3-BF4B-00C04F79EFBC}") = "Unity.Burst.Editor", "Unity.Burst.Editor.csproj", "{B849C534-7C9B-F4FA-B640-F2BDE89A8A3A}"
EndProject
Project("{FAE04EC0-301F-11D3-BF4B-00C04F79EFBC}") = "Unity.2D.Common.Editor", "Unity.2D.Common.Editor.csproj", "{DF69CAAD-3465-441F-A4A6-34F021C359CC}"
EndProject
Project("{FAE04EC0-301F-11D3-BF4B-00C04F79EFBC}") = "Unity.2D.Sprite.Editor", "Unity.2D.Sprite.Editor.csproj", "{822AF2A9-8A70-B93B-29A3-FFDD0D72B14B}"
EndProject
Project("{FAE04EC0-301F-11D3-BF4B-00C04F79EFBC}") = "Unity.2D.PixelPerfect", "Unity.2D.PixelPerfect.csproj", "{38E52DA5-ED7F-26EF-7D11-DB186A9F0C08}"
EndProject
Project("{FAE04EC0-301F-11D3-BF4B-00C04F79EFBC}") = "Unity.2D.PixelPerfect.Editor", "Unity.2D.PixelPerfect.Editor.csproj", "{80B440F8-8C6A-D46F-68A6-4F94171ECF45}"
EndProject
Project("{FAE04EC0-301F-11D3-BF4B-00C04F79EFBC}") = "Unity.Services.Core.Registration", "Unity.Services.Core.Registration.csproj", "{8EBD9850-CBFC-1BC3-DF41-D82F3AD6241E}"
EndProject
Project("{FAE04EC0-301F-11D3-BF4B-00C04F79EFBC}") = "Unity.2D.Common.Runtime", "Unity.2D.Common.Runtime.csproj", "{9EEEEA53-3317-5EB0-8415-9099351850A1}"
EndProject
Project("{FAE04EC0-301F-11D3-BF4B-00C04F79EFBC}") = "Unity.Services.Core.Telemetry", "Unity.Services.Core.Telemetry.csproj", "{738E02A6-E54F-102A-6B4B-8700914B47AF}"
EndProject
Project("{FAE04EC0-301F-11D3-BF4B-00C04F79EFBC}") = "Unity.Services.Core.Analytics", "Unity.Services.Core.Analytics.csproj", "{74C8DDA9-355E-DF83-DBE9-6B60C45817E1}"
EndProject
Project("{FAE04EC0-301F-11D3-BF4B-00C04F79EFBC}") = "Unity.Services.Core.Threading", "Unity.Services.Core.Threading.csproj", "{D98C9D31-D2E5-A5E5-C1E2-CEDBEE13F8EF}"
EndProject
Project("{FAE04EC0-301F-11D3-BF4B-00C04F79EFBC}") = "Unity.Mathematics.Editor", "Unity.Mathematics.Editor.csproj", "{EAAADEBA-1481-9D8F-986E-1694C99646D3}"
EndProject
Project("{FAE04EC0-301F-11D3-BF4B-00C04F79EFBC}") = "Unity.Services.Core.Components", "Unity.Services.Core.Components.csproj", "{F3AFD58B-8E51-5378-E823-1394597CF195}"
EndProject
Project("{FAE04EC0-301F-11D3-BF4B-00C04F79EFBC}") = "Unity.Services.Core.Device", "Unity.Services.Core.Device.csproj", "{DEB8E67A-3EB2-C067-15CF-F0DD62A1CC4D}"
EndProject
Project("{FAE04EC0-301F-11D3-BF4B-00C04F79EFBC}") = "Unity.Services.Core.Environments", "Unity.Services.Core.Environments.csproj", "{97A10091-A110-08B5-4246-D82529B822D2}"
EndProject
Project("{FAE04EC0-301F-11D3-BF4B-00C04F79EFBC}") = "Unity.Collections.BurstCompatibilityGen", "Unity.Collections.BurstCompatibilityGen.csproj", "{30CD6B9A-07CC-E557-542C-DE9BAAD2F90E}"
EndProject
Project("{FAE04EC0-301F-11D3-BF4B-00C04F79EFBC}") = "Unity.VisualScripting.Shared.Editor", "Unity.VisualScripting.Shared.Editor.csproj", "{B5B4DF44-B742-A800-7306-63DE4925A795}"
EndProject
Project("{FAE04EC0-301F-11D3-BF4B-00C04F79EFBC}") = "Unity.Collections.DocCodeSamples", "Unity.Collections.DocCodeSamples.csproj", "{8E6CB122-FFDC-4A64-226F-1CFC86DC50B6}"
EndProject
Project("{FAE04EC0-301F-11D3-BF4B-00C04F79EFBC}") = "Unity.PlasticSCM.Editor.Entities", "Unity.PlasticSCM.Editor.Entities.csproj", "{66A1888F-5905-4679-F715-50D73FEC5808}"
EndProject
Global
	GlobalSection(SolutionConfigurationPlatforms) = preSolution
		Debug|Any CPU = Debug|Any CPU
		Release|Any CPU = Release|Any CPU
	EndGlobalSection
	GlobalSection(ProjectConfigurationPlatforms) = postSolution
		{D5EFCB81-8C51-D96E-1AC5-9F2473A20DEF}.Debug|Any CPU.ActiveCfg = Debug|Any CPU
		{D5EFCB81-8C51-D96E-1AC5-9F2473A20DEF}.Debug|Any CPU.Build.0 = Debug|Any CPU
		{D5EFCB81-8C51-D96E-1AC5-9F2473A20DEF}.Release|Any CPU.ActiveCfg = Release|Any CPU
		{D5EFCB81-8C51-D96E-1AC5-9F2473A20DEF}.Release|Any CPU.Build.0 = Release|Any CPU
		{E6ADAEA7-1771-6408-C07F-904C2F075C13}.Debug|Any CPU.ActiveCfg = Debug|Any CPU
		{E6ADAEA7-1771-6408-C07F-904C2F075C13}.Debug|Any CPU.Build.0 = Debug|Any CPU
		{E6ADAEA7-1771-6408-C07F-904C2F075C13}.Release|Any CPU.ActiveCfg = Release|Any CPU
		{E6ADAEA7-1771-6408-C07F-904C2F075C13}.Release|Any CPU.Build.0 = Release|Any CPU
		{F78D96E0-AA7E-D376-9B16-CC2823A18C64}.Debug|Any CPU.ActiveCfg = Debug|Any CPU
		{F78D96E0-AA7E-D376-9B16-CC2823A18C64}.Debug|Any CPU.Build.0 = Debug|Any CPU
		{F78D96E0-AA7E-D376-9B16-CC2823A18C64}.Release|Any CPU.ActiveCfg = Release|Any CPU
		{F78D96E0-AA7E-D376-9B16-CC2823A18C64}.Release|Any CPU.Build.0 = Release|Any CPU
		{65C344C9-2C5A-73C8-59CE-8B507CB0A387}.Debug|Any CPU.ActiveCfg = Debug|Any CPU
		{65C344C9-2C5A-73C8-59CE-8B507CB0A387}.Debug|Any CPU.Build.0 = Debug|Any CPU
		{65C344C9-2C5A-73C8-59CE-8B507CB0A387}.Release|Any CPU.ActiveCfg = Release|Any CPU
		{65C344C9-2C5A-73C8-59CE-8B507CB0A387}.Release|Any CPU.Build.0 = Release|Any CPU
		{18866FF0-600C-2327-4642-171FA89B54E7}.Debug|Any CPU.ActiveCfg = Debug|Any CPU
		{18866FF0-600C-2327-4642-171FA89B54E7}.Debug|Any CPU.Build.0 = Debug|Any CPU
		{18866FF0-600C-2327-4642-171FA89B54E7}.Release|Any CPU.ActiveCfg = Release|Any CPU
		{18866FF0-600C-2327-4642-171FA89B54E7}.Release|Any CPU.Build.0 = Release|Any CPU
		{0C7DD752-4809-3CAB-9635-8D9A00E14C16}.Debug|Any CPU.ActiveCfg = Debug|Any CPU
		{0C7DD752-4809-3CAB-9635-8D9A00E14C16}.Debug|Any CPU.Build.0 = Debug|Any CPU
		{0C7DD752-4809-3CAB-9635-8D9A00E14C16}.Release|Any CPU.ActiveCfg = Release|Any CPU
		{0C7DD752-4809-3CAB-9635-8D9A00E14C16}.Release|Any CPU.Build.0 = Release|Any CPU
		{D6194AE5-139A-A5E5-661D-ECFB017075F1}.Debug|Any CPU.ActiveCfg = Debug|Any CPU
		{D6194AE5-139A-A5E5-661D-ECFB017075F1}.Debug|Any CPU.Build.0 = Debug|Any CPU
		{D6194AE5-139A-A5E5-661D-ECFB017075F1}.Release|Any CPU.ActiveCfg = Release|Any CPU
		{D6194AE5-139A-A5E5-661D-ECFB017075F1}.Release|Any CPU.Build.0 = Release|Any CPU
		{625459DE-DD29-6A38-6EED-F3C3C1429D18}.Debug|Any CPU.ActiveCfg = Debug|Any CPU
		{625459DE-DD29-6A38-6EED-F3C3C1429D18}.Debug|Any CPU.Build.0 = Debug|Any CPU
		{625459DE-DD29-6A38-6EED-F3C3C1429D18}.Release|Any CPU.ActiveCfg = Release|Any CPU
		{625459DE-DD29-6A38-6EED-F3C3C1429D18}.Release|Any CPU.Build.0 = Release|Any CPU
		{579A258A-C81E-5175-99C6-085D9901DB4F}.Debug|Any CPU.ActiveCfg = Debug|Any CPU
		{579A258A-C81E-5175-99C6-085D9901DB4F}.Debug|Any CPU.Build.0 = Debug|Any CPU
		{579A258A-C81E-5175-99C6-085D9901DB4F}.Release|Any CPU.ActiveCfg = Release|Any CPU
		{579A258A-C81E-5175-99C6-085D9901DB4F}.Release|Any CPU.Build.0 = Release|Any CPU
		{8F858DC8-0BA8-08F8-5912-A6821F17A309}.Debug|Any CPU.ActiveCfg = Debug|Any CPU
		{8F858DC8-0BA8-08F8-5912-A6821F17A309}.Debug|Any CPU.Build.0 = Debug|Any CPU
		{8F858DC8-0BA8-08F8-5912-A6821F17A309}.Release|Any CPU.ActiveCfg = Release|Any CPU
		{8F858DC8-0BA8-08F8-5912-A6821F17A309}.Release|Any CPU.Build.0 = Release|Any CPU
		{B72D5E92-4A8A-C400-FFB9-F5D9DEE30C58}.Debug|Any CPU.ActiveCfg = Debug|Any CPU
		{B72D5E92-4A8A-C400-FFB9-F5D9DEE30C58}.Debug|Any CPU.Build.0 = Debug|Any CPU
		{B72D5E92-4A8A-C400-FFB9-F5D9DEE30C58}.Release|Any CPU.ActiveCfg = Release|Any CPU
		{B72D5E92-4A8A-C400-FFB9-F5D9DEE30C58}.Release|Any CPU.Build.0 = Release|Any CPU
		{F870F4E3-6B62-0124-1EF4-D157DD344356}.Debug|Any CPU.ActiveCfg = Debug|Any CPU
		{F870F4E3-6B62-0124-1EF4-D157DD344356}.Debug|Any CPU.Build.0 = Debug|Any CPU
		{F870F4E3-6B62-0124-1EF4-D157DD344356}.Release|Any CPU.ActiveCfg = Release|Any CPU
		{F870F4E3-6B62-0124-1EF4-D157DD344356}.Release|Any CPU.Build.0 = Release|Any CPU
		{35E1C4BB-D4C9-8187-87DE-85D7E1C4DB90}.Debug|Any CPU.ActiveCfg = Debug|Any CPU
		{35E1C4BB-D4C9-8187-87DE-85D7E1C4DB90}.Debug|Any CPU.Build.0 = Debug|Any CPU
		{35E1C4BB-D4C9-8187-87DE-85D7E1C4DB90}.Release|Any CPU.ActiveCfg = Release|Any CPU
		{35E1C4BB-D4C9-8187-87DE-85D7E1C4DB90}.Release|Any CPU.Build.0 = Release|Any CPU
		{05D82300-9580-1618-E1CE-75584DBB4D70}.Debug|Any CPU.ActiveCfg = Debug|Any CPU
		{05D82300-9580-1618-E1CE-75584DBB4D70}.Debug|Any CPU.Build.0 = Debug|Any CPU
		{05D82300-9580-1618-E1CE-75584DBB4D70}.Release|Any CPU.ActiveCfg = Release|Any CPU
		{05D82300-9580-1618-E1CE-75584DBB4D70}.Release|Any CPU.Build.0 = Release|Any CPU
		{6CCD7F0C-64E6-9738-895E-F172C2AA702D}.Debug|Any CPU.ActiveCfg = Debug|Any CPU
		{6CCD7F0C-64E6-9738-895E-F172C2AA702D}.Debug|Any CPU.Build.0 = Debug|Any CPU
		{6CCD7F0C-64E6-9738-895E-F172C2AA702D}.Release|Any CPU.ActiveCfg = Release|Any CPU
		{6CCD7F0C-64E6-9738-895E-F172C2AA702D}.Release|Any CPU.Build.0 = Release|Any CPU
		{3E443CB1-F362-ABF4-AD17-2DD9181057EF}.Debug|Any CPU.ActiveCfg = Debug|Any CPU
		{3E443CB1-F362-ABF4-AD17-2DD9181057EF}.Debug|Any CPU.Build.0 = Debug|Any CPU
		{3E443CB1-F362-ABF4-AD17-2DD9181057EF}.Release|Any CPU.ActiveCfg = Release|Any CPU
		{3E443CB1-F362-ABF4-AD17-2DD9181057EF}.Release|Any CPU.Build.0 = Release|Any CPU
		{96FB9716-85EC-EC5C-F6C3-5609472E9332}.Debug|Any CPU.ActiveCfg = Debug|Any CPU
		{96FB9716-85EC-EC5C-F6C3-5609472E9332}.Debug|Any CPU.Build.0 = Debug|Any CPU
		{96FB9716-85EC-EC5C-F6C3-5609472E9332}.Release|Any CPU.ActiveCfg = Release|Any CPU
		{96FB9716-85EC-EC5C-F6C3-5609472E9332}.Release|Any CPU.Build.0 = Release|Any CPU
		{8A4613AB-0D16-8A3B-2E62-0F2EC7924726}.Debug|Any CPU.ActiveCfg = Debug|Any CPU
		{8A4613AB-0D16-8A3B-2E62-0F2EC7924726}.Debug|Any CPU.Build.0 = Debug|Any CPU
		{8A4613AB-0D16-8A3B-2E62-0F2EC7924726}.Release|Any CPU.ActiveCfg = Release|Any CPU
		{8A4613AB-0D16-8A3B-2E62-0F2EC7924726}.Release|Any CPU.Build.0 = Release|Any CPU
		{B206BB17-7C95-187F-B6AB-8B7455626304}.Debug|Any CPU.ActiveCfg = Debug|Any CPU
		{B206BB17-7C95-187F-B6AB-8B7455626304}.Debug|Any CPU.Build.0 = Debug|Any CPU
		{B206BB17-7C95-187F-B6AB-8B7455626304}.Release|Any CPU.ActiveCfg = Release|Any CPU
		{B206BB17-7C95-187F-B6AB-8B7455626304}.Release|Any CPU.Build.0 = Release|Any CPU
		{D0E59DC7-3256-A3C8-EC9A-FB86CA467790}.Debug|Any CPU.ActiveCfg = Debug|Any CPU
		{D0E59DC7-3256-A3C8-EC9A-FB86CA467790}.Debug|Any CPU.Build.0 = Debug|Any CPU
		{D0E59DC7-3256-A3C8-EC9A-FB86CA467790}.Release|Any CPU.ActiveCfg = Release|Any CPU
		{D0E59DC7-3256-A3C8-EC9A-FB86CA467790}.Release|Any CPU.Build.0 = Release|Any CPU
		{B74D0171-C072-86F3-84FC-9E9BA5A0800D}.Debug|Any CPU.ActiveCfg = Debug|Any CPU
		{B74D0171-C072-86F3-84FC-9E9BA5A0800D}.Debug|Any CPU.Build.0 = Debug|Any CPU
		{B74D0171-C072-86F3-84FC-9E9BA5A0800D}.Release|Any CPU.ActiveCfg = Release|Any CPU
		{B74D0171-C072-86F3-84FC-9E9BA5A0800D}.Release|Any CPU.Build.0 = Release|Any CPU
		{7FC82CA9-7308-B230-20F9-B1E9FF97B338}.Debug|Any CPU.ActiveCfg = Debug|Any CPU
		{7FC82CA9-7308-B230-20F9-B1E9FF97B338}.Debug|Any CPU.Build.0 = Debug|Any CPU
		{7FC82CA9-7308-B230-20F9-B1E9FF97B338}.Release|Any CPU.ActiveCfg = Release|Any CPU
		{7FC82CA9-7308-B230-20F9-B1E9FF97B338}.Release|Any CPU.Build.0 = Release|Any CPU
		{DE52A830-354A-3A94-524B-5313ACE6D632}.Debug|Any CPU.ActiveCfg = Debug|Any CPU
		{DE52A830-354A-3A94-524B-5313ACE6D632}.Debug|Any CPU.Build.0 = Debug|Any CPU
		{DE52A830-354A-3A94-524B-5313ACE6D632}.Release|Any CPU.ActiveCfg = Release|Any CPU
		{DE52A830-354A-3A94-524B-5313ACE6D632}.Release|Any CPU.Build.0 = Release|Any CPU
		{E76AEDA7-3374-EC69-F05A-FBD39572F553}.Debug|Any CPU.ActiveCfg = Debug|Any CPU
		{E76AEDA7-3374-EC69-F05A-FBD39572F553}.Debug|Any CPU.Build.0 = Debug|Any CPU
		{E76AEDA7-3374-EC69-F05A-FBD39572F553}.Release|Any CPU.ActiveCfg = Release|Any CPU
		{E76AEDA7-3374-EC69-F05A-FBD39572F553}.Release|Any CPU.Build.0 = Release|Any CPU
		{C9A096E6-3DCC-6FEE-A57D-390581579940}.Debug|Any CPU.ActiveCfg = Debug|Any CPU
		{C9A096E6-3DCC-6FEE-A57D-390581579940}.Debug|Any CPU.Build.0 = Debug|Any CPU
		{C9A096E6-3DCC-6FEE-A57D-390581579940}.Release|Any CPU.ActiveCfg = Release|Any CPU
		{C9A096E6-3DCC-6FEE-A57D-390581579940}.Release|Any CPU.Build.0 = Release|Any CPU
		{B518AECD-4ECC-6C76-D64D-B3AC809C8521}.Debug|Any CPU.ActiveCfg = Debug|Any CPU
		{B518AECD-4ECC-6C76-D64D-B3AC809C8521}.Debug|Any CPU.Build.0 = Debug|Any CPU
		{B518AECD-4ECC-6C76-D64D-B3AC809C8521}.Release|Any CPU.ActiveCfg = Release|Any CPU
		{B518AECD-4ECC-6C76-D64D-B3AC809C8521}.Release|Any CPU.Build.0 = Release|Any CPU
		{F6EF37E2-0E49-6098-7BCD-D49401145583}.Debug|Any CPU.ActiveCfg = Debug|Any CPU
		{F6EF37E2-0E49-6098-7BCD-D49401145583}.Debug|Any CPU.Build.0 = Debug|Any CPU
		{F6EF37E2-0E49-6098-7BCD-D49401145583}.Release|Any CPU.ActiveCfg = Release|Any CPU
		{F6EF37E2-0E49-6098-7BCD-D49401145583}.Release|Any CPU.Build.0 = Release|Any CPU
		{B1FB5DF1-860D-3F42-4D40-EC670D7F7CF9}.Debug|Any CPU.ActiveCfg = Debug|Any CPU
		{B1FB5DF1-860D-3F42-4D40-EC670D7F7CF9}.Debug|Any CPU.Build.0 = Debug|Any CPU
		{B1FB5DF1-860D-3F42-4D40-EC670D7F7CF9}.Release|Any CPU.ActiveCfg = Release|Any CPU
		{B1FB5DF1-860D-3F42-4D40-EC670D7F7CF9}.Release|Any CPU.Build.0 = Release|Any CPU
		{83534933-0884-6811-C8AB-6E97B8375B46}.Debug|Any CPU.ActiveCfg = Debug|Any CPU
		{83534933-0884-6811-C8AB-6E97B8375B46}.Debug|Any CPU.Build.0 = Debug|Any CPU
		{83534933-0884-6811-C8AB-6E97B8375B46}.Release|Any CPU.ActiveCfg = Release|Any CPU
		{83534933-0884-6811-C8AB-6E97B8375B46}.Release|Any CPU.Build.0 = Release|Any CPU
		{584A11F8-19C9-37FC-15DE-7281BA4E9ADF}.Debug|Any CPU.ActiveCfg = Debug|Any CPU
		{584A11F8-19C9-37FC-15DE-7281BA4E9ADF}.Debug|Any CPU.Build.0 = Debug|Any CPU
		{584A11F8-19C9-37FC-15DE-7281BA4E9ADF}.Release|Any CPU.ActiveCfg = Release|Any CPU
		{584A11F8-19C9-37FC-15DE-7281BA4E9ADF}.Release|Any CPU.Build.0 = Release|Any CPU
		{58BA2554-4E01-8207-8A45-8C8318025639}.Debug|Any CPU.ActiveCfg = Debug|Any CPU
		{58BA2554-4E01-8207-8A45-8C8318025639}.Debug|Any CPU.Build.0 = Debug|Any CPU
		{58BA2554-4E01-8207-8A45-8C8318025639}.Release|Any CPU.ActiveCfg = Release|Any CPU
		{58BA2554-4E01-8207-8A45-8C8318025639}.Release|Any CPU.Build.0 = Release|Any CPU
		{A0FFAF0C-8DE4-4CBD-CD25-BE6C350DE039}.Debug|Any CPU.ActiveCfg = Debug|Any CPU
		{A0FFAF0C-8DE4-4CBD-CD25-BE6C350DE039}.Debug|Any CPU.Build.0 = Debug|Any CPU
		{A0FFAF0C-8DE4-4CBD-CD25-BE6C350DE039}.Release|Any CPU.ActiveCfg = Release|Any CPU
		{A0FFAF0C-8DE4-4CBD-CD25-BE6C350DE039}.Release|Any CPU.Build.0 = Release|Any CPU
		{CEADFF76-AA27-F5D9-B264-DC7F34A93F10}.Debug|Any CPU.ActiveCfg = Debug|Any CPU
		{CEADFF76-AA27-F5D9-B264-DC7F34A93F10}.Debug|Any CPU.Build.0 = Debug|Any CPU
		{CEADFF76-AA27-F5D9-B264-DC7F34A93F10}.Release|Any CPU.ActiveCfg = Release|Any CPU
		{CEADFF76-AA27-F5D9-B264-DC7F34A93F10}.Release|Any CPU.Build.0 = Release|Any CPU
		{D02211A6-6375-4895-6F05-B4FE7C03192C}.Debug|Any CPU.ActiveCfg = Debug|Any CPU
		{D02211A6-6375-4895-6F05-B4FE7C03192C}.Debug|Any CPU.Build.0 = Debug|Any CPU
		{D02211A6-6375-4895-6F05-B4FE7C03192C}.Release|Any CPU.ActiveCfg = Release|Any CPU
		{D02211A6-6375-4895-6F05-B4FE7C03192C}.Release|Any CPU.Build.0 = Release|Any CPU
		{738E63C4-DAEF-8F88-EA74-C30CF3ED738C}.Debug|Any CPU.ActiveCfg = Debug|Any CPU
		{738E63C4-DAEF-8F88-EA74-C30CF3ED738C}.Debug|Any CPU.Build.0 = Debug|Any CPU
		{738E63C4-DAEF-8F88-EA74-C30CF3ED738C}.Release|Any CPU.ActiveCfg = Release|Any CPU
		{738E63C4-DAEF-8F88-EA74-C30CF3ED738C}.Release|Any CPU.Build.0 = Release|Any CPU
		{957F074E-38F1-4A25-A15E-FBC32E7243A5}.Debug|Any CPU.ActiveCfg = Debug|Any CPU
		{957F074E-38F1-4A25-A15E-FBC32E7243A5}.Debug|Any CPU.Build.0 = Debug|Any CPU
		{957F074E-38F1-4A25-A15E-FBC32E7243A5}.Release|Any CPU.ActiveCfg = Release|Any CPU
		{957F074E-38F1-4A25-A15E-FBC32E7243A5}.Release|Any CPU.Build.0 = Release|Any CPU
		{4B3060D0-0006-C84E-B8F4-7808FEDF2A9C}.Debug|Any CPU.ActiveCfg = Debug|Any CPU
		{4B3060D0-0006-C84E-B8F4-7808FEDF2A9C}.Debug|Any CPU.Build.0 = Debug|Any CPU
		{4B3060D0-0006-C84E-B8F4-7808FEDF2A9C}.Release|Any CPU.ActiveCfg = Release|Any CPU
		{4B3060D0-0006-C84E-B8F4-7808FEDF2A9C}.Release|Any CPU.Build.0 = Release|Any CPU
		{3DBBF9A0-AAE9-20E4-BC87-1684BB2A26B9}.Debug|Any CPU.ActiveCfg = Debug|Any CPU
		{3DBBF9A0-AAE9-20E4-BC87-1684BB2A26B9}.Debug|Any CPU.Build.0 = Debug|Any CPU
		{3DBBF9A0-AAE9-20E4-BC87-1684BB2A26B9}.Release|Any CPU.ActiveCfg = Release|Any CPU
		{3DBBF9A0-AAE9-20E4-BC87-1684BB2A26B9}.Release|Any CPU.Build.0 = Release|Any CPU
		{2C23336C-D69F-8988-321A-F785C387A52F}.Debug|Any CPU.ActiveCfg = Debug|Any CPU
		{2C23336C-D69F-8988-321A-F785C387A52F}.Debug|Any CPU.Build.0 = Debug|Any CPU
		{2C23336C-D69F-8988-321A-F785C387A52F}.Release|Any CPU.ActiveCfg = Release|Any CPU
		{2C23336C-D69F-8988-321A-F785C387A52F}.Release|Any CPU.Build.0 = Release|Any CPU
		{BA91CA85-9C13-3937-F9DE-E6CC83116B63}.Debug|Any CPU.ActiveCfg = Debug|Any CPU
		{BA91CA85-9C13-3937-F9DE-E6CC83116B63}.Debug|Any CPU.Build.0 = Debug|Any CPU
		{BA91CA85-9C13-3937-F9DE-E6CC83116B63}.Release|Any CPU.ActiveCfg = Release|Any CPU
		{BA91CA85-9C13-3937-F9DE-E6CC83116B63}.Release|Any CPU.Build.0 = Release|Any CPU
		{A96E89B0-7E0B-16E9-6740-414F926BE035}.Debug|Any CPU.ActiveCfg = Debug|Any CPU
		{A96E89B0-7E0B-16E9-6740-414F926BE035}.Debug|Any CPU.Build.0 = Debug|Any CPU
		{A96E89B0-7E0B-16E9-6740-414F926BE035}.Release|Any CPU.ActiveCfg = Release|Any CPU
		{A96E89B0-7E0B-16E9-6740-414F926BE035}.Release|Any CPU.Build.0 = Release|Any CPU
		{483C3AA3-3FBE-F06B-5F14-0F0204AAC0CF}.Debug|Any CPU.ActiveCfg = Debug|Any CPU
		{483C3AA3-3FBE-F06B-5F14-0F0204AAC0CF}.Debug|Any CPU.Build.0 = Debug|Any CPU
		{483C3AA3-3FBE-F06B-5F14-0F0204AAC0CF}.Release|Any CPU.ActiveCfg = Release|Any CPU
		{483C3AA3-3FBE-F06B-5F14-0F0204AAC0CF}.Release|Any CPU.Build.0 = Release|Any CPU
		{5FAE473F-52E7-3BE7-405A-444F56FCE78B}.Debug|Any CPU.ActiveCfg = Debug|Any CPU
		{5FAE473F-52E7-3BE7-405A-444F56FCE78B}.Debug|Any CPU.Build.0 = Debug|Any CPU
		{5FAE473F-52E7-3BE7-405A-444F56FCE78B}.Release|Any CPU.ActiveCfg = Release|Any CPU
		{5FAE473F-52E7-3BE7-405A-444F56FCE78B}.Release|Any CPU.Build.0 = Release|Any CPU
		{52AB975B-7E4A-6DFC-580F-258BE56FA660}.Debug|Any CPU.ActiveCfg = Debug|Any CPU
		{52AB975B-7E4A-6DFC-580F-258BE56FA660}.Debug|Any CPU.Build.0 = Debug|Any CPU
		{52AB975B-7E4A-6DFC-580F-258BE56FA660}.Release|Any CPU.ActiveCfg = Release|Any CPU
		{52AB975B-7E4A-6DFC-580F-258BE56FA660}.Release|Any CPU.Build.0 = Release|Any CPU
		{9D8927DE-F9EE-A2CD-C1BA-1CC608A7A46B}.Debug|Any CPU.ActiveCfg = Debug|Any CPU
		{9D8927DE-F9EE-A2CD-C1BA-1CC608A7A46B}.Debug|Any CPU.Build.0 = Debug|Any CPU
		{9D8927DE-F9EE-A2CD-C1BA-1CC608A7A46B}.Release|Any CPU.ActiveCfg = Release|Any CPU
		{9D8927DE-F9EE-A2CD-C1BA-1CC608A7A46B}.Release|Any CPU.Build.0 = Release|Any CPU
		{D164C1F8-00A8-82DB-C0CA-097906B460FE}.Debug|Any CPU.ActiveCfg = Debug|Any CPU
		{D164C1F8-00A8-82DB-C0CA-097906B460FE}.Debug|Any CPU.Build.0 = Debug|Any CPU
		{D164C1F8-00A8-82DB-C0CA-097906B460FE}.Release|Any CPU.ActiveCfg = Release|Any CPU
		{D164C1F8-00A8-82DB-C0CA-097906B460FE}.Release|Any CPU.Build.0 = Release|Any CPU
		{9AC44B0D-D853-34CB-4440-F55E8526F7F1}.Debug|Any CPU.ActiveCfg = Debug|Any CPU
		{9AC44B0D-D853-34CB-4440-F55E8526F7F1}.Debug|Any CPU.Build.0 = Debug|Any CPU
		{9AC44B0D-D853-34CB-4440-F55E8526F7F1}.Release|Any CPU.ActiveCfg = Release|Any CPU
		{9AC44B0D-D853-34CB-4440-F55E8526F7F1}.Release|Any CPU.Build.0 = Release|Any CPU
		{3F16F69A-103F-FA87-214A-A604D604EA47}.Debug|Any CPU.ActiveCfg = Debug|Any CPU
		{3F16F69A-103F-FA87-214A-A604D604EA47}.Debug|Any CPU.Build.0 = Debug|Any CPU
		{3F16F69A-103F-FA87-214A-A604D604EA47}.Release|Any CPU.ActiveCfg = Release|Any CPU
		{3F16F69A-103F-FA87-214A-A604D604EA47}.Release|Any CPU.Build.0 = Release|Any CPU
		{E023E0D4-2956-CB44-FFED-62475B5F2813}.Debug|Any CPU.ActiveCfg = Debug|Any CPU
		{E023E0D4-2956-CB44-FFED-62475B5F2813}.Debug|Any CPU.Build.0 = Debug|Any CPU
		{E023E0D4-2956-CB44-FFED-62475B5F2813}.Release|Any CPU.ActiveCfg = Release|Any CPU
		{E023E0D4-2956-CB44-FFED-62475B5F2813}.Release|Any CPU.Build.0 = Release|Any CPU
		{7304A9FE-38A9-2B7A-8653-F989F5C99212}.Debug|Any CPU.ActiveCfg = Debug|Any CPU
		{7304A9FE-38A9-2B7A-8653-F989F5C99212}.Debug|Any CPU.Build.0 = Debug|Any CPU
		{7304A9FE-38A9-2B7A-8653-F989F5C99212}.Release|Any CPU.ActiveCfg = Release|Any CPU
		{7304A9FE-38A9-2B7A-8653-F989F5C99212}.Release|Any CPU.Build.0 = Release|Any CPU
		{B4EBD6D8-CCB1-0EC1-2CC5-302CD403844E}.Debug|Any CPU.ActiveCfg = Debug|Any CPU
		{B4EBD6D8-CCB1-0EC1-2CC5-302CD403844E}.Debug|Any CPU.Build.0 = Debug|Any CPU
		{B4EBD6D8-CCB1-0EC1-2CC5-302CD403844E}.Release|Any CPU.ActiveCfg = Release|Any CPU
		{B4EBD6D8-CCB1-0EC1-2CC5-302CD403844E}.Release|Any CPU.Build.0 = Release|Any CPU
		{B849C534-7C9B-F4FA-B640-F2BDE89A8A3A}.Debug|Any CPU.ActiveCfg = Debug|Any CPU
		{B849C534-7C9B-F4FA-B640-F2BDE89A8A3A}.Debug|Any CPU.Build.0 = Debug|Any CPU
		{B849C534-7C9B-F4FA-B640-F2BDE89A8A3A}.Release|Any CPU.ActiveCfg = Release|Any CPU
		{B849C534-7C9B-F4FA-B640-F2BDE89A8A3A}.Release|Any CPU.Build.0 = Release|Any CPU
		{DF69CAAD-3465-441F-A4A6-34F021C359CC}.Debug|Any CPU.ActiveCfg = Debug|Any CPU
		{DF69CAAD-3465-441F-A4A6-34F021C359CC}.Debug|Any CPU.Build.0 = Debug|Any CPU
		{DF69CAAD-3465-441F-A4A6-34F021C359CC}.Release|Any CPU.ActiveCfg = Release|Any CPU
		{DF69CAAD-3465-441F-A4A6-34F021C359CC}.Release|Any CPU.Build.0 = Release|Any CPU
		{822AF2A9-8A70-B93B-29A3-FFDD0D72B14B}.Debug|Any CPU.ActiveCfg = Debug|Any CPU
		{822AF2A9-8A70-B93B-29A3-FFDD0D72B14B}.Debug|Any CPU.Build.0 = Debug|Any CPU
		{822AF2A9-8A70-B93B-29A3-FFDD0D72B14B}.Release|Any CPU.ActiveCfg = Release|Any CPU
		{822AF2A9-8A70-B93B-29A3-FFDD0D72B14B}.Release|Any CPU.Build.0 = Release|Any CPU
		{38E52DA5-ED7F-26EF-7D11-DB186A9F0C08}.Debug|Any CPU.ActiveCfg = Debug|Any CPU
		{38E52DA5-ED7F-26EF-7D11-DB186A9F0C08}.Debug|Any CPU.Build.0 = Debug|Any CPU
		{38E52DA5-ED7F-26EF-7D11-DB186A9F0C08}.Release|Any CPU.ActiveCfg = Release|Any CPU
		{38E52DA5-ED7F-26EF-7D11-DB186A9F0C08}.Release|Any CPU.Build.0 = Release|Any CPU
		{80B440F8-8C6A-D46F-68A6-4F94171ECF45}.Debug|Any CPU.ActiveCfg = Debug|Any CPU
		{80B440F8-8C6A-D46F-68A6-4F94171ECF45}.Debug|Any CPU.Build.0 = Debug|Any CPU
		{80B440F8-8C6A-D46F-68A6-4F94171ECF45}.Release|Any CPU.ActiveCfg = Release|Any CPU
		{80B440F8-8C6A-D46F-68A6-4F94171ECF45}.Release|Any CPU.Build.0 = Release|Any CPU
		{8EBD9850-CBFC-1BC3-DF41-D82F3AD6241E}.Debug|Any CPU.ActiveCfg = Debug|Any CPU
		{8EBD9850-CBFC-1BC3-DF41-D82F3AD6241E}.Debug|Any CPU.Build.0 = Debug|Any CPU
		{8EBD9850-CBFC-1BC3-DF41-D82F3AD6241E}.Release|Any CPU.ActiveCfg = Release|Any CPU
		{8EBD9850-CBFC-1BC3-DF41-D82F3AD6241E}.Release|Any CPU.Build.0 = Release|Any CPU
		{9EEEEA53-3317-5EB0-8415-9099351850A1}.Debug|Any CPU.ActiveCfg = Debug|Any CPU
		{9EEEEA53-3317-5EB0-8415-9099351850A1}.Debug|Any CPU.Build.0 = Debug|Any CPU
		{9EEEEA53-3317-5EB0-8415-9099351850A1}.Release|Any CPU.ActiveCfg = Release|Any CPU
		{9EEEEA53-3317-5EB0-8415-9099351850A1}.Release|Any CPU.Build.0 = Release|Any CPU
		{738E02A6-E54F-102A-6B4B-8700914B47AF}.Debug|Any CPU.ActiveCfg = Debug|Any CPU
		{738E02A6-E54F-102A-6B4B-8700914B47AF}.Debug|Any CPU.Build.0 = Debug|Any CPU
		{738E02A6-E54F-102A-6B4B-8700914B47AF}.Release|Any CPU.ActiveCfg = Release|Any CPU
		{738E02A6-E54F-102A-6B4B-8700914B47AF}.Release|Any CPU.Build.0 = Release|Any CPU
		{74C8DDA9-355E-DF83-DBE9-6B60C45817E1}.Debug|Any CPU.ActiveCfg = Debug|Any CPU
		{74C8DDA9-355E-DF83-DBE9-6B60C45817E1}.Debug|Any CPU.Build.0 = Debug|Any CPU
		{74C8DDA9-355E-DF83-DBE9-6B60C45817E1}.Release|Any CPU.ActiveCfg = Release|Any CPU
		{74C8DDA9-355E-DF83-DBE9-6B60C45817E1}.Release|Any CPU.Build.0 = Release|Any CPU
		{D98C9D31-D2E5-A5E5-C1E2-CEDBEE13F8EF}.Debug|Any CPU.ActiveCfg = Debug|Any CPU
		{D98C9D31-D2E5-A5E5-C1E2-CEDBEE13F8EF}.Debug|Any CPU.Build.0 = Debug|Any CPU
		{D98C9D31-D2E5-A5E5-C1E2-CEDBEE13F8EF}.Release|Any CPU.ActiveCfg = Release|Any CPU
		{D98C9D31-D2E5-A5E5-C1E2-CEDBEE13F8EF}.Release|Any CPU.Build.0 = Release|Any CPU
		{EAAADEBA-1481-9D8F-986E-1694C99646D3}.Debug|Any CPU.ActiveCfg = Debug|Any CPU
		{EAAADEBA-1481-9D8F-986E-1694C99646D3}.Debug|Any CPU.Build.0 = Debug|Any CPU
		{EAAADEBA-1481-9D8F-986E-1694C99646D3}.Release|Any CPU.ActiveCfg = Release|Any CPU
		{EAAADEBA-1481-9D8F-986E-1694C99646D3}.Release|Any CPU.Build.0 = Release|Any CPU
		{F3AFD58B-8E51-5378-E823-1394597CF195}.Debug|Any CPU.ActiveCfg = Debug|Any CPU
		{F3AFD58B-8E51-5378-E823-1394597CF195}.Debug|Any CPU.Build.0 = Debug|Any CPU
		{F3AFD58B-8E51-5378-E823-1394597CF195}.Release|Any CPU.ActiveCfg = Release|Any CPU
		{F3AFD58B-8E51-5378-E823-1394597CF195}.Release|Any CPU.Build.0 = Release|Any CPU
		{DEB8E67A-3EB2-C067-15CF-F0DD62A1CC4D}.Debug|Any CPU.ActiveCfg = Debug|Any CPU
		{DEB8E67A-3EB2-C067-15CF-F0DD62A1CC4D}.Debug|Any CPU.Build.0 = Debug|Any CPU
		{DEB8E67A-3EB2-C067-15CF-F0DD62A1CC4D}.Release|Any CPU.ActiveCfg = Release|Any CPU
		{DEB8E67A-3EB2-C067-15CF-F0DD62A1CC4D}.Release|Any CPU.Build.0 = Release|Any CPU
		{97A10091-A110-08B5-4246-D82529B822D2}.Debug|Any CPU.ActiveCfg = Debug|Any CPU
		{97A10091-A110-08B5-4246-D82529B822D2}.Debug|Any CPU.Build.0 = Debug|Any CPU
		{97A10091-A110-08B5-4246-D82529B822D2}.Release|Any CPU.ActiveCfg = Release|Any CPU
		{97A10091-A110-08B5-4246-D82529B822D2}.Release|Any CPU.Build.0 = Release|Any CPU
		{30CD6B9A-07CC-E557-542C-DE9BAAD2F90E}.Debug|Any CPU.ActiveCfg = Debug|Any CPU
		{30CD6B9A-07CC-E557-542C-DE9BAAD2F90E}.Debug|Any CPU.Build.0 = Debug|Any CPU
		{30CD6B9A-07CC-E557-542C-DE9BAAD2F90E}.Release|Any CPU.ActiveCfg = Release|Any CPU
		{30CD6B9A-07CC-E557-542C-DE9BAAD2F90E}.Release|Any CPU.Build.0 = Release|Any CPU
		{B5B4DF44-B742-A800-7306-63DE4925A795}.Debug|Any CPU.ActiveCfg = Debug|Any CPU
		{B5B4DF44-B742-A800-7306-63DE4925A795}.Debug|Any CPU.Build.0 = Debug|Any CPU
		{B5B4DF44-B742-A800-7306-63DE4925A795}.Release|Any CPU.ActiveCfg = Release|Any CPU
		{B5B4DF44-B742-A800-7306-63DE4925A795}.Release|Any CPU.Build.0 = Release|Any CPU
		{8E6CB122-FFDC-4A64-226F-1CFC86DC50B6}.Debug|Any CPU.ActiveCfg = Debug|Any CPU
		{8E6CB122-FFDC-4A64-226F-1CFC86DC50B6}.Debug|Any CPU.Build.0 = Debug|Any CPU
		{8E6CB122-FFDC-4A64-226F-1CFC86DC50B6}.Release|Any CPU.ActiveCfg = Release|Any CPU
		{8E6CB122-FFDC-4A64-226F-1CFC86DC50B6}.Release|Any CPU.Build.0 = Release|Any CPU
		{66A1888F-5905-4679-F715-50D73FEC5808}.Debug|Any CPU.ActiveCfg = Debug|Any CPU
		{66A1888F-5905-4679-F715-50D73FEC5808}.Debug|Any CPU.Build.0 = Debug|Any CPU
		{66A1888F-5905-4679-F715-50D73FEC5808}.Release|Any CPU.ActiveCfg = Release|Any CPU
		{66A1888F-5905-4679-F715-50D73FEC5808}.Release|Any CPU.Build.0 = Release|Any CPU
	EndGlobalSection
	GlobalSection(SolutionProperties) = preSolution
		HideSolutionNode = FALSE
	EndGlobalSection
EndGlobal
